
Microsoft Visual Studio Solution File, Format Version 12.00
# Visual Studio 15
VisualStudioVersion = 15.0.27428.2015
MinimumVisualStudioVersion = 10.0.40219.1
Project("{FAE04EC0-301F-11D3-BF4B-00C04F79EFBC}") = "diyetisyen", "diyetisyen\diyetisyen.csproj", "{2E580AEF-6C88-4E1D-8A03-8E4EADA01FE7}"
EndProject
Global
	GlobalSection(SolutionConfigurationPlatforms) = preSolution
		Debug|Any CPU = Debug|Any CPU
		Release|Any CPU = Release|Any CPU
	EndGlobalSection
	GlobalSection(ProjectConfigurationPlatforms) = postSolution
		{2E580AEF-6C88-4E1D-8A03-8E4EADA01FE7}.Debug|Any CPU.ActiveCfg = Debug|Any CPU
		{2E580AEF-6C88-4E1D-8A03-8E4EADA01FE7}.Debug|Any CPU.Build.0 = Debug|Any CPU
		{2E580AEF-6C88-4E1D-8A03-8E4EADA01FE7}.Release|Any CPU.ActiveCfg = Release|Any CPU
		{2E580AEF-6C88-4E1D-8A03-8E4EADA01FE7}.Release|Any CPU.Build.0 = Release|Any CPU
	EndGlobalSection
	GlobalSection(SolutionProperties) = preSolution
		HideSolutionNode = FALSE
	EndGlobalSection
	GlobalSection(ExtensibilityGlobals) = postSolution
		SolutionGuid = {F6E746C1-8959-4440-BAE6-D6DED38FD775}
	EndGlobalSection
EndGlobal
