
Microsoft Visual Studio Solution File, Format Version 12.00
# Visual Studio 15
VisualStudioVersion = 15.0.27130.2027
MinimumVisualStudioVersion = 10.0.40219.1
Project("{FAE04EC0-301F-11D3-BF4B-00C04F79EFBC}") = "görselProgramlama", "görselProgramlama\görselProgramlama.csproj", "{EE18EA22-DD0F-4E23-BBF2-4B23A42F1C58}"
EndProject
Global
	GlobalSection(SolutionConfigurationPlatforms) = preSolution
		Debug|Any CPU = Debug|Any CPU
		Release|Any CPU = Release|Any CPU
	EndGlobalSection
	GlobalSection(ProjectConfigurationPlatforms) = postSolution
		{EE18EA22-DD0F-4E23-BBF2-4B23A42F1C58}.Debug|Any CPU.ActiveCfg = Debug|Any CPU
		{EE18EA22-DD0F-4E23-BBF2-4B23A42F1C58}.Debug|Any CPU.Build.0 = Debug|Any CPU
		{EE18EA22-DD0F-4E23-BBF2-4B23A42F1C58}.Release|Any CPU.ActiveCfg = Release|Any CPU
		{EE18EA22-DD0F-4E23-BBF2-4B23A42F1C58}.Release|Any CPU.Build.0 = Release|Any CPU
	EndGlobalSection
	GlobalSection(SolutionProperties) = preSolution
		HideSolutionNode = FALSE
	EndGlobalSection
	GlobalSection(ExtensibilityGlobals) = postSolution
		SolutionGuid = {BB0BACC1-6665-45A7-B277-B0DA9CE6699A}
	EndGlobalSection
EndGlobal
